
Microsoft Visual Studio Solution File, Format Version 12.00
# Visual Studio 15
VisualStudioVersion = 15.0.28307.168
MinimumVisualStudioVersion = 10.0.40219.1
Project("{FAE04EC0-301F-11D3-BF4B-00C04F79EFBC}") = "SalesWebMVC", "SalesWebMVC\SalesWebMVC.csproj", "{06447945-FAEC-45BD-A96A-C27305DF7974}"
EndProject
Global
	GlobalSection(SolutionConfigurationPlatforms) = preSolution
		Debug|Any CPU = Debug|Any CPU
		Release|Any CPU = Release|Any CPU
	EndGlobalSection
	GlobalSection(ProjectConfigurationPlatforms) = postSolution
		{06447945-FAEC-45BD-A96A-C27305DF7974}.Debug|Any CPU.ActiveCfg = Debug|Any CPU
		{06447945-FAEC-45BD-A96A-C27305DF7974}.Debug|Any CPU.Build.0 = Debug|Any CPU
		{06447945-FAEC-45BD-A96A-C27305DF7974}.Release|Any CPU.ActiveCfg = Release|Any CPU
		{06447945-FAEC-45BD-A96A-C27305DF7974}.Release|Any CPU.Build.0 = Release|Any CPU
	EndGlobalSection
	GlobalSection(SolutionProperties) = preSolution
		HideSolutionNode = FALSE
	EndGlobalSection
	GlobalSection(ExtensibilityGlobals) = postSolution
		SolutionGuid = {191B7DD1-DFA8-47A9-9812-8AAC09A62F46}
	EndGlobalSection
EndGlobal
